
Microsoft Visual Studio Solution File, Format Version 12.00
# Visual Studio 15
VisualStudioVersion = 15.0.26124.0
MinimumVisualStudioVersion = 15.0.26124.0
Project("{2150E333-8FDC-42A3-9474-1A3956D46DE8}") = "src", "src", "{7E1F7CBE-E109-403B-BCB8-915FC32D581A}"
EndProject
Project("{FAE04EC0-301F-11D3-BF4B-00C04F79EFBC}") = "Demo.Car", "src\Demo.Car\Demo.Car.csproj", "{321B6890-E5B9-4C99-8236-A2A4B6F3245F}"
EndProject
Project("{FAE04EC0-301F-11D3-BF4B-00C04F79EFBC}") = "Demo.CarApi", "src\Demo.CarApi\Demo.CarApi.csproj", "{AAF71AE6-7487-4682-A510-D469797749EE}"
EndProject
Project("{FAE04EC0-301F-11D3-BF4B-00C04F79EFBC}") = "Demo.MobileApp", "src\Demo.MobileApp\Demo.MobileApp.csproj", "{E0088A6A-9EE5-4469-91DB-A80013F41A52}"
EndProject
Project("{FAE04EC0-301F-11D3-BF4B-00C04F79EFBC}") = "Demo.UserApi", "src\Demo.UserApi\Demo.UserApi.csproj", "{F6A2DCBC-1BD8-4E4B-97AF-689F915B322B}"
EndProject
Project("{FAE04EC0-301F-11D3-BF4B-00C04F79EFBC}") = "Demo.Middlewares", "src\Demo.Middlewares\Demo.Middlewares.csproj", "{B5E461D9-A6F4-4702-8E4E-5725AE3E15B3}"
EndProject
Global
	GlobalSection(SolutionConfigurationPlatforms) = preSolution
		Debug|Any CPU = Debug|Any CPU
		Debug|x64 = Debug|x64
		Debug|x86 = Debug|x86
		Release|Any CPU = Release|Any CPU
		Release|x64 = Release|x64
		Release|x86 = Release|x86
	EndGlobalSection
	GlobalSection(SolutionProperties) = preSolution
		HideSolutionNode = FALSE
	EndGlobalSection
	GlobalSection(ProjectConfigurationPlatforms) = postSolution
		{321B6890-E5B9-4C99-8236-A2A4B6F3245F}.Debug|Any CPU.ActiveCfg = Debug|Any CPU
		{321B6890-E5B9-4C99-8236-A2A4B6F3245F}.Debug|Any CPU.Build.0 = Debug|Any CPU
		{321B6890-E5B9-4C99-8236-A2A4B6F3245F}.Debug|x64.ActiveCfg = Debug|Any CPU
		{321B6890-E5B9-4C99-8236-A2A4B6F3245F}.Debug|x64.Build.0 = Debug|Any CPU
		{321B6890-E5B9-4C99-8236-A2A4B6F3245F}.Debug|x86.ActiveCfg = Debug|Any CPU
		{321B6890-E5B9-4C99-8236-A2A4B6F3245F}.Debug|x86.Build.0 = Debug|Any CPU
		{321B6890-E5B9-4C99-8236-A2A4B6F3245F}.Release|Any CPU.ActiveCfg = Release|Any CPU
		{321B6890-E5B9-4C99-8236-A2A4B6F3245F}.Release|Any CPU.Build.0 = Release|Any CPU
		{321B6890-E5B9-4C99-8236-A2A4B6F3245F}.Release|x64.ActiveCfg = Release|Any CPU
		{321B6890-E5B9-4C99-8236-A2A4B6F3245F}.Release|x64.Build.0 = Release|Any CPU
		{321B6890-E5B9-4C99-8236-A2A4B6F3245F}.Release|x86.ActiveCfg = Release|Any CPU
		{321B6890-E5B9-4C99-8236-A2A4B6F3245F}.Release|x86.Build.0 = Release|Any CPU
		{AAF71AE6-7487-4682-A510-D469797749EE}.Debug|Any CPU.ActiveCfg = Debug|Any CPU
		{AAF71AE6-7487-4682-A510-D469797749EE}.Debug|Any CPU.Build.0 = Debug|Any CPU
		{AAF71AE6-7487-4682-A510-D469797749EE}.Debug|x64.ActiveCfg = Debug|Any CPU
		{AAF71AE6-7487-4682-A510-D469797749EE}.Debug|x64.Build.0 = Debug|Any CPU
		{AAF71AE6-7487-4682-A510-D469797749EE}.Debug|x86.ActiveCfg = Debug|Any CPU
		{AAF71AE6-7487-4682-A510-D469797749EE}.Debug|x86.Build.0 = Debug|Any CPU
		{AAF71AE6-7487-4682-A510-D469797749EE}.Release|Any CPU.ActiveCfg = Release|Any CPU
		{AAF71AE6-7487-4682-A510-D469797749EE}.Release|Any CPU.Build.0 = Release|Any CPU
		{AAF71AE6-7487-4682-A510-D469797749EE}.Release|x64.ActiveCfg = Release|Any CPU
		{AAF71AE6-7487-4682-A510-D469797749EE}.Release|x64.Build.0 = Release|Any CPU
		{AAF71AE6-7487-4682-A510-D469797749EE}.Release|x86.ActiveCfg = Release|Any CPU
		{AAF71AE6-7487-4682-A510-D469797749EE}.Release|x86.Build.0 = Release|Any CPU
		{E0088A6A-9EE5-4469-91DB-A80013F41A52}.Debug|Any CPU.ActiveCfg = Debug|Any CPU
		{E0088A6A-9EE5-4469-91DB-A80013F41A52}.Debug|Any CPU.Build.0 = Debug|Any CPU
		{E0088A6A-9EE5-4469-91DB-A80013F41A52}.Debug|x64.ActiveCfg = Debug|Any CPU
		{E0088A6A-9EE5-4469-91DB-A80013F41A52}.Debug|x64.Build.0 = Debug|Any CPU
		{E0088A6A-9EE5-4469-91DB-A80013F41A52}.Debug|x86.ActiveCfg = Debug|Any CPU
		{E0088A6A-9EE5-4469-91DB-A80013F41A52}.Debug|x86.Build.0 = Debug|Any CPU
		{E0088A6A-9EE5-4469-91DB-A80013F41A52}.Release|Any CPU.ActiveCfg = Release|Any CPU
		{E0088A6A-9EE5-4469-91DB-A80013F41A52}.Release|Any CPU.Build.0 = Release|Any CPU
		{E0088A6A-9EE5-4469-91DB-A80013F41A52}.Release|x64.ActiveCfg = Release|Any CPU
		{E0088A6A-9EE5-4469-91DB-A80013F41A52}.Release|x64.Build.0 = Release|Any CPU
		{E0088A6A-9EE5-4469-91DB-A80013F41A52}.Release|x86.ActiveCfg = Release|Any CPU
		{E0088A6A-9EE5-4469-91DB-A80013F41A52}.Release|x86.Build.0 = Release|Any CPU
		{F6A2DCBC-1BD8-4E4B-97AF-689F915B322B}.Debug|Any CPU.ActiveCfg = Debug|Any CPU
		{F6A2DCBC-1BD8-4E4B-97AF-689F915B322B}.Debug|Any CPU.Build.0 = Debug|Any CPU
		{F6A2DCBC-1BD8-4E4B-97AF-689F915B322B}.Debug|x64.ActiveCfg = Debug|Any CPU
		{F6A2DCBC-1BD8-4E4B-97AF-689F915B322B}.Debug|x64.Build.0 = Debug|Any CPU
		{F6A2DCBC-1BD8-4E4B-97AF-689F915B322B}.Debug|x86.ActiveCfg = Debug|Any CPU
		{F6A2DCBC-1BD8-4E4B-97AF-689F915B322B}.Debug|x86.Build.0 = Debug|Any CPU
		{F6A2DCBC-1BD8-4E4B-97AF-689F915B322B}.Release|Any CPU.ActiveCfg = Release|Any CPU
		{F6A2DCBC-1BD8-4E4B-97AF-689F915B322B}.Release|Any CPU.Build.0 = Release|Any CPU
		{F6A2DCBC-1BD8-4E4B-97AF-689F915B322B}.Release|x64.ActiveCfg = Release|Any CPU
		{F6A2DCBC-1BD8-4E4B-97AF-689F915B322B}.Release|x64.Build.0 = Release|Any CPU
		{F6A2DCBC-1BD8-4E4B-97AF-689F915B322B}.Release|x86.ActiveCfg = Release|Any CPU
		{F6A2DCBC-1BD8-4E4B-97AF-689F915B322B}.Release|x86.Build.0 = Release|Any CPU
		{B5E461D9-A6F4-4702-8E4E-5725AE3E15B3}.Debug|Any CPU.ActiveCfg = Debug|Any CPU
		{B5E461D9-A6F4-4702-8E4E-5725AE3E15B3}.Debug|Any CPU.Build.0 = Debug|Any CPU
		{B5E461D9-A6F4-4702-8E4E-5725AE3E15B3}.Debug|x64.ActiveCfg = Debug|Any CPU
		{B5E461D9-A6F4-4702-8E4E-5725AE3E15B3}.Debug|x64.Build.0 = Debug|Any CPU
		{B5E461D9-A6F4-4702-8E4E-5725AE3E15B3}.Debug|x86.ActiveCfg = Debug|Any CPU
		{B5E461D9-A6F4-4702-8E4E-5725AE3E15B3}.Debug|x86.Build.0 = Debug|Any CPU
		{B5E461D9-A6F4-4702-8E4E-5725AE3E15B3}.Release|Any CPU.ActiveCfg = Release|Any CPU
		{B5E461D9-A6F4-4702-8E4E-5725AE3E15B3}.Release|Any CPU.Build.0 = Release|Any CPU
		{B5E461D9-A6F4-4702-8E4E-5725AE3E15B3}.Release|x64.ActiveCfg = Release|Any CPU
		{B5E461D9-A6F4-4702-8E4E-5725AE3E15B3}.Release|x64.Build.0 = Release|Any CPU
		{B5E461D9-A6F4-4702-8E4E-5725AE3E15B3}.Release|x86.ActiveCfg = Release|Any CPU
		{B5E461D9-A6F4-4702-8E4E-5725AE3E15B3}.Release|x86.Build.0 = Release|Any CPU
	EndGlobalSection
	GlobalSection(NestedProjects) = preSolution
		{321B6890-E5B9-4C99-8236-A2A4B6F3245F} = {7E1F7CBE-E109-403B-BCB8-915FC32D581A}
		{AAF71AE6-7487-4682-A510-D469797749EE} = {7E1F7CBE-E109-403B-BCB8-915FC32D581A}
		{E0088A6A-9EE5-4469-91DB-A80013F41A52} = {7E1F7CBE-E109-403B-BCB8-915FC32D581A}
		{F6A2DCBC-1BD8-4E4B-97AF-689F915B322B} = {7E1F7CBE-E109-403B-BCB8-915FC32D581A}
		{B5E461D9-A6F4-4702-8E4E-5725AE3E15B3} = {7E1F7CBE-E109-403B-BCB8-915FC32D581A}
	EndGlobalSection
EndGlobal
